<?xml version="1.0" encoding="utf-8"?>
<Project ToolsVersion="17.0" xmlns="http://schemas.microsoft.com/developer/msbuild/2003">
  <ItemGroup>
    <ClCompile Include="$(SolutionDir)src\dllmain.cpp">
      <Filter>Source Files</Filter>
    </ClCompile>
    <ClCompile Include="$(SolutionDir)src\exports.cpp">
      <Filter>Source Files</Filter>
    </ClCompile>
    <ClCompile Include="$(SolutionDir)src\Component.cpp">
      <Filter>Source Files</Filter>
    </ClCompile>
    <ClCompile Include="$(SolutionDir)src\ReadFileOneC.cpp">
      <Filter>Source Files</Filter>
    </ClCompile>
    <ClCompile Include="src\BracketsFile.cpp">
      <Filter>Source Files</Filter>
    </ClCompile>
  </ItemGroup>
  <ItemGroup>
    <ClInclude Include="$(SolutionDir)src\stdafx.h">
      <Filter>Header Files</Filter>
    </ClInclude>
    <ClInclude Include="$(SolutionDir)src\Component.h">
      <Filter>Header Files</Filter>
    </ClInclude>
    <ClInclude Include="$(SolutionDir)src\ReadFileOneC.h">
      <Filter>Header Files</Filter>
    </ClInclude>
    <ClInclude Include="include\AddInDefBase.h">
      <Filter>include</Filter>
    </ClInclude>
    <ClInclude Include="include\com.h">
      <Filter>include</Filter>
    </ClInclude>
    <ClInclude Include="include\ComponentBase.h">
      <Filter>include</Filter>
    </ClInclude>
    <ClInclude Include="include\IAndroidComponentHelper.h">
      <Filter>include</Filter>
    </ClInclude>
    <ClInclude Include="include\IMemoryManager.h">
      <Filter>include</Filter>
    </ClInclude>
    <ClInclude Include="include\types.h">
      <Filter>include</Filter>
    </ClInclude>
    <ClInclude Include="src\BracketsFile.h">
      <Filter>Header Files</Filter>
    </ClInclude>
  </ItemGroup>
  <ItemGroup>
    <None Include="$(SolutionDir)src\addin.def">
      <Filter>Source Files</Filter>
    </None>
    <None Include="README.md" />
  </ItemGroup>
  <ItemGroup>
    <Filter Include="Header Files">
      <UniqueIdentifier>{B2CA6B92-91B2-3EE3-9E09-0EAB44B38CE6}</UniqueIdentifier>
    </Filter>
    <Filter Include="Source Files">
      <UniqueIdentifier>{3A56A2F9-007E-3EB0-9D61-82454438461F}</UniqueIdentifier>
    </Filter>
    <Filter Include="include">
      <UniqueIdentifier>{7210588a-88fa-4ca2-91c5-5ee92430024f}</UniqueIdentifier>
    </Filter>
  </ItemGroup>
</Project>